
Microsoft Visual Studio Solution File, Format Version 12.00
# Visual Studio Version 17
VisualStudioVersion = 17.0.31903.59
MinimumVisualStudioVersion = 10.0.40219.1
Project("{2150E333-8FDC-42A3-9474-1A3956D46DE8}") = "src", "src", "{02EA681E-C7D8-13C7-8484-4AC65E1B71E8}"
EndProject
Project("{FAE04EC0-301F-11D3-BF4B-00C04F79EFBC}") = "WorkerService", "src\WorkerService\WorkerService.csproj", "{44CDDB57-5DAE-4E2E-87C7-A7883E3BBFBD}"
EndProject
Global
	GlobalSection(SolutionConfigurationPlatforms) = preSolution
		Debug|Any CPU = Debug|Any CPU
		Release|Any CPU = Release|Any CPU
	EndGlobalSection
	GlobalSection(ProjectConfigurationPlatforms) = postSolution
		{44CDDB57-5DAE-4E2E-87C7-A7883E3BBFBD}.Debug|Any CPU.ActiveCfg = Debug|Any CPU
		{44CDDB57-5DAE-4E2E-87C7-A7883E3BBFBD}.Debug|Any CPU.Build.0 = Debug|Any CPU
		{44CDDB57-5DAE-4E2E-87C7-A7883E3BBFBD}.Release|Any CPU.ActiveCfg = Release|Any CPU
		{44CDDB57-5DAE-4E2E-87C7-A7883E3BBFBD}.Release|Any CPU.Build.0 = Release|Any CPU
	EndGlobalSection
	GlobalSection(SolutionProperties) = preSolution
		HideSolutionNode = FALSE
	EndGlobalSection
	GlobalSection(NestedProjects) = preSolution
		{44CDDB57-5DAE-4E2E-87C7-A7883E3BBFBD} = {02EA681E-C7D8-13C7-8484-4AC65E1B71E8}
	EndGlobalSection
	GlobalSection(ExtensibilityGlobals) = postSolution
		SolutionGuid = {6459E3BF-26B0-456C-8F96-0539612B95E4}
	EndGlobalSection
EndGlobal
